
Microsoft Visual Studio Solution File, Format Version 12.00
# Visual Studio Version 17
VisualStudioVersion = 17.10.35013.160
MinimumVisualStudioVersion = 10.0.40219.1
Project("{FAE04EC0-301F-11D3-BF4B-00C04F79EFBC}") = "Coremaxtech-FileWatcher", "Coremaxtech-FileWatcher\Coremaxtech-FileWatcher.csproj", "{6B6C32DC-A204-4001-9AFA-4B68A80CAF6E}"
EndProject
Project("{FAE04EC0-301F-11D3-BF4B-00C04F79EFBC}") = "Coremaxtech-Business", "Coremaxtech-Business\Coremaxtech-Business.csproj", "{FDBFAD76-7D92-4184-89A2-369E837B173A}"
EndProject
Global
	GlobalSection(SolutionConfigurationPlatforms) = preSolution
		Debug|Any CPU = Debug|Any CPU
		Release|Any CPU = Release|Any CPU
	EndGlobalSection
	GlobalSection(ProjectConfigurationPlatforms) = postSolution
		{6B6C32DC-A204-4001-9AFA-4B68A80CAF6E}.Debug|Any CPU.ActiveCfg = Debug|Any CPU
		{6B6C32DC-A204-4001-9AFA-4B68A80CAF6E}.Debug|Any CPU.Build.0 = Debug|Any CPU
		{6B6C32DC-A204-4001-9AFA-4B68A80CAF6E}.Release|Any CPU.ActiveCfg = Release|Any CPU
		{6B6C32DC-A204-4001-9AFA-4B68A80CAF6E}.Release|Any CPU.Build.0 = Release|Any CPU
		{FDBFAD76-7D92-4184-89A2-369E837B173A}.Debug|Any CPU.ActiveCfg = Debug|Any CPU
		{FDBFAD76-7D92-4184-89A2-369E837B173A}.Debug|Any CPU.Build.0 = Debug|Any CPU
		{FDBFAD76-7D92-4184-89A2-369E837B173A}.Release|Any CPU.ActiveCfg = Release|Any CPU
		{FDBFAD76-7D92-4184-89A2-369E837B173A}.Release|Any CPU.Build.0 = Release|Any CPU
	EndGlobalSection
	GlobalSection(SolutionProperties) = preSolution
		HideSolutionNode = FALSE
	EndGlobalSection
	GlobalSection(ExtensibilityGlobals) = postSolution
		SolutionGuid = {96A83B95-02DC-4672-9A2E-3F1D4CFDD160}
	EndGlobalSection
EndGlobal
